
Microsoft Visual Studio Solution File, Format Version 12.00
# Visual Studio 15
VisualStudioVersion = 15.0.28307.1062
MinimumVisualStudioVersion = 10.0.40219.1
Project("{888888A0-9F3D-457C-B088-3A5042F75D52}") = "ActClaseListas", "ActClaseListas\ActClaseListas.pyproj", "{21DB6C49-A8F6-46E3-B463-BE4D2B81BDA7}"
EndProject
Global
	GlobalSection(SolutionConfigurationPlatforms) = preSolution
		Debug|Any CPU = Debug|Any CPU
		Release|Any CPU = Release|Any CPU
	EndGlobalSection
	GlobalSection(ProjectConfigurationPlatforms) = postSolution
		{21DB6C49-A8F6-46E3-B463-BE4D2B81BDA7}.Debug|Any CPU.ActiveCfg = Debug|Any CPU
		{21DB6C49-A8F6-46E3-B463-BE4D2B81BDA7}.Release|Any CPU.ActiveCfg = Release|Any CPU
	EndGlobalSection
	GlobalSection(SolutionProperties) = preSolution
		HideSolutionNode = FALSE
	EndGlobalSection
	GlobalSection(ExtensibilityGlobals) = postSolution
		SolutionGuid = {CF50BB4B-C8FC-49F7-80D3-11B1AB723A4E}
	EndGlobalSection
EndGlobal
